// !$*UTF8*$!
{
	archiveVersion = 1;
	classes = {
	};
	objectVersion = 50;
	objects = {

/* Begin PBXBuildFile section */
		AC992C67212DCBBA00948BAC /* AppDelegate.swift in Sources */ = {isa = PBXBuildFile; fileRef = AC992C66212DCBBA00948BAC /* AppDelegate.swift */; };
		AC992C69212DCBBA00948BAC /* ViewController.swift in Sources */ = {isa = PBXBuildFile; fileRef = AC992C68212DCBBA00948BAC /* ViewController.swift */; };
		AC992C6C212DCBBA00948BAC /* Main.storyboard in Resources */ = {isa = PBXBuildFile; fileRef = AC992C6A212DCBBA00948BAC /* Main.storyboard */; };
		AC992C6F212DCBBA00948BAC /* exchangeRates.xcdatamodeld in Sources */ = {isa = PBXBuildFile; fileRef = AC992C6D212DCBBA00948BAC /* exchangeRates.xcdatamodeld */; };
		AC992C71212DCBBB00948BAC /* Assets.xcassets in Resources */ = {isa = PBXBuildFile; fileRef = AC992C70212DCBBB00948BAC /* Assets.xcassets */; };
		AC992C74212DCBBB00948BAC /* LaunchScreen.storyboard in Resources */ = {isa = PBXBuildFile; fileRef = AC992C72212DCBBB00948BAC /* LaunchScreen.storyboard */; };
		AC992C7F212DCBBB00948BAC /* exchangeRatesTests.swift in Sources */ = {isa = PBXBuildFile; fileRef = AC992C7E212DCBBB00948BAC /* exchangeRatesTests.swift */; };
/* End PBXBuildFile section */

/* Begin PBXContainerItemProxy section */
		AC992C7B212DCBBB00948BAC /* PBXContainerItemProxy */ = {
			isa = PBXContainerItemProxy;
			containerPortal = AC992C5B212DCBBA00948BAC /* Project object */;
			proxyType = 1;
			remoteGlobalIDString = AC992C62212DCBBA00948BAC;
			remoteInfo = exchangeRates;
		};
/* End PBXContainerItemProxy section */

/* Begin PBXFileReference section */
		AC992C63212DCBBA00948BAC /* exchangeRates.app */ = {isa = PBXFileReference; explicitFileType = wrapper.application; includeInIndex = 0; path = exchangeRates.app; sourceTree = BUILT_PRODUCTS_DIR; };
		AC992C66212DCBBA00948BAC /* AppDelegate.swift */ = {isa = PBXFileReference; lastKnownFileType = sourcecode.swift; path = AppDelegate.swift; sourceTree = "<group>"; };
		AC992C68212DCBBA00948BAC /* ViewController.swift */ = {isa = PBXFileReference; lastKnownFileType = sourcecode.swift; path = ViewController.swift; sourceTree = "<group>"; };
		AC992C6B212DCBBA00948BAC /* Base */ = {isa = PBXFileReference; lastKnownFileType = file.storyboard; name = Base; path = Base.lproj/Main.storyboard; sourceTree = "<group>"; };
		AC992C6E212DCBBA00948BAC /* exchangeRates.xcdatamodel */ = {isa = PBXFileReference; lastKnownFileType = wrapper.xcdatamodel; path = exchangeRates.xcdatamodel; sourceTree = "<group>"; };
		AC992C70212DCBBB00948BAC /* Assets.xcassets */ = {isa = PBXFileReference; lastKnownFileType = folder.assetcatalog; path = Assets.xcassets; sourceTree = "<group>"; };
		AC992C73212DCBBB00948BAC /* Base */ = {isa = PBXFileReference; lastKnownFileType = file.storyboard; name = Base; path = Base.lproj/LaunchScreen.storyboard; sourceTree = "<group>"; };
		AC992C75212DCBBB00948BAC /* Info.plist */ = {isa = PBXFileReference; lastKnownFileType = text.plist.xml; path = Info.plist; sourceTree = "<group>"; };
		AC992C7A212DCBBB00948BAC /* exchangeRatesTests.xctest */ = {isa = PBXFileReference; explicitFileType = wrapper.cfbundle; includeInIndex = 0; path = exchangeRatesTests.xctest; sourceTree = BUILT_PRODUCTS_DIR; };
		AC992C7E212DCBBB00948BAC /* exchangeRatesTests.swift */ = {isa = PBXFileReference; lastKnownFileType = sourcecode.swift; path = exchangeRatesTests.swift; sourceTree = "<group>"; };
		AC992C80212DCBBB00948BAC /* Info.plist */ = {isa = PBXFileReference; lastKnownFileType = text.plist.xml; path = Info.plist; sourceTree = "<group>"; };
/* End PBXFileReference section */

/* Begin PBXFrameworksBuildPhase section */
		AC992C60212DCBBA00948BAC /* Frameworks */ = {
			isa = PBXFrameworksBuildPhase;
			buildActionMask = 2147483647;
			files = (
			);
			runOnlyForDeploymentPostprocessing = 0;
		};
		AC992C77212DCBBB00948BAC /* Frameworks */ = {
			isa = PBXFrameworksBuildPhase;
			buildActionMask = 2147483647;
			files = (
			);
			runOnlyForDeploymentPostprocessing = 0;
		};
/* End PBXFrameworksBuildPhase section */

/* Begin PBXGroup section */
		AC992C5A212DCBBA00948BAC = {
			isa = PBXGroup;
			children = (
				AC992C65212DCBBA00948BAC /* exchangeRates */,
				AC992C7D212DCBBB00948BAC /* exchangeRatesTests */,
				AC992C64212DCBBA00948BAC /* Products */,
			);
			sourceTree = "<group>";
		};
		AC992C64212DCBBA00948BAC /* Products */ = {
			isa = PBXGroup;
			children = (
				AC992C63212DCBBA00948BAC /* exchangeRates.app */,
				AC992C7A212DCBBB00948BAC /* exchangeRatesTests.xctest */,
			);
			name = Products;
			sourceTree = "<group>";
		};
		AC992C65212DCBBA00948BAC /* exchangeRates */ = {
			isa = PBXGroup;
			children = (
				AC992C66212DCBBA00948BAC /* AppDelegate.swift */,
				AC992C68212DCBBA00948BAC /* ViewController.swift */,
				AC992C6A212DCBBA00948BAC /* Main.storyboard */,
				AC992C70212DCBBB00948BAC /* Assets.xcassets */,
				AC992C72212DCBBB00948BAC /* LaunchScreen.storyboard */,
				AC992C75212DCBBB00948BAC /* Info.plist */,
				AC992C6D212DCBBA00948BAC /* exchangeRates.xcdatamodeld */,
			);
			path = exchangeRates;
			sourceTree = "<group>";
		};
		AC992C7D212DCBBB00948BAC /* exchangeRatesTests */ = {
			isa = PBXGroup;
			children = (
				AC992C7E212DCBBB00948BAC /* exchangeRatesTests.swift */,
				AC992C80212DCBBB00948BAC /* Info.plist */,
			);
			path = exchangeRatesTests;
			sourceTree = "<group>";
		};
/* End PBXGroup section */

/* Begin PBXNativeTarget section */
		AC992C62212DCBBA00948BAC /* exchangeRates */ = {
			isa = PBXNativeTarget;
			buildConfigurationList = AC992C83212DCBBB00948BAC /* Build configuration list for PBXNativeTarget "exchangeRates" */;
			buildPhases = (
				AC992C5F212DCBBA00948BAC /* Sources */,
				AC992C60212DCBBA00948BAC /* Frameworks */,
				AC992C61212DCBBA00948BAC /* Resources */,
			);
			buildRules = (
			);
			dependencies = (
			);
			name = exchangeRates;
			productName = exchangeRates;
			productReference = AC992C63212DCBBA00948BAC /* exchangeRates.app */;
			productType = "com.apple.product-type.application";
		};
		AC992C79212DCBBB00948BAC /* exchangeRatesTests */ = {
			isa = PBXNativeTarget;
			buildConfigurationList = AC992C86212DCBBB00948BAC /* Build configuration list for PBXNativeTarget "exchangeRatesTests" */;
			buildPhases = (
				AC992C76212DCBBB00948BAC /* Sources */,
				AC992C77212DCBBB00948BAC /* Frameworks */,
				AC992C78212DCBBB00948BAC /* Resources */,
			);
			buildRules = (
			);
			dependencies = (
				AC992C7C212DCBBB00948BAC /* PBXTargetDependency */,
			);
			name = exchangeRatesTests;
			productName = exchangeRatesTests;
			productReference = AC992C7A212DCBBB00948BAC /* exchangeRatesTests.xctest */;
			productType = "com.apple.product-type.bundle.unit-test";
		};
/* End PBXNativeTarget section */

/* Begin PBXProject section */
		AC992C5B212DCBBA00948BAC /* Project object */ = {
			isa = PBXProject;
			attributes = {
				LastSwiftUpdateCheck = 0940;
				LastUpgradeCheck = 0940;
				ORGANIZATIONNAME = "Artem Tselikov";
				TargetAttributes = {
					AC992C62212DCBBA00948BAC = {
						CreatedOnToolsVersion = 9.4.1;
					};
					AC992C79212DCBBB00948BAC = {
						CreatedOnToolsVersion = 9.4.1;
						TestTargetID = AC992C62212DCBBA00948BAC;
					};
				};
			};
			buildConfigurationList = AC992C5E212DCBBA00948BAC /* Build configuration list for PBXProject "exchangeRates" */;
			compatibilityVersion = "Xcode 9.3";
			developmentRegion = en;
			hasScannedForEncodings = 0;
			knownRegions = (
				en,
				Base,
			);
			mainGroup = AC992C5A212DCBBA00948BAC;
			productRefGroup = AC992C64212DCBBA00948BAC /* Products */;
			projectDirPath = "";
			projectRoot = "";
			targets = (
				AC992C62212DCBBA00948BAC /* exchangeRates */,
				AC992C79212DCBBB00948BAC /* exchangeRatesTests */,
			);
		};
/* End PBXProject section */

/* Begin PBXResourcesBuildPhase section */
		AC992C61212DCBBA00948BAC /* Resources */ = {
			isa = PBXResourcesBuildPhase;
			buildActionMask = 2147483647;
			files = (
				AC992C74212DCBBB00948BAC /* LaunchScreen.storyboard in Resources */,
				AC992C71212DCBBB00948BAC /* Assets.xcassets in Resources */,
				AC992C6C212DCBBA00948BAC /* Main.storyboard in Resources */,
			);
			runOnlyForDeploymentPostprocessing = 0;
		};
		AC992C78212DCBBB00948BAC /* Resources */ = {
			isa = PBXResourcesBuildPhase;
			buildActionMask = 2147483647;
			files = (
			);
			runOnlyForDeploymentPostprocessing = 0;
		};
/* End PBXResourcesBuildPhase section */

/* Begin PBXSourcesBuildPhase section */
		AC992C5F212DCBBA00948BAC /* Sources */ = {
			isa = PBXSourcesBuildPhase;
			buildActionMask = 2147483647;
			files = (
				AC992C69212DCBBA00948BAC /* ViewController.swift in Sources */,
				AC992C67212DCBBA00948BAC /* AppDelegate.swift in Sources */,
				AC992C6F212DCBBA00948BAC /* exchangeRates.xcdatamodeld in Sources */,
			);
			runOnlyForDeploymentPostprocessing = 0;
		};
		AC992C76212DCBBB00948BAC /* Sources */ = {
			isa = PBXSourcesBuildPhase;
			buildActionMask = 2147483647;
			files = (
				AC992C7F212DCBBB00948BAC /* exchangeRatesTests.swift in Sources */,
			);
			runOnlyForDeploymentPostprocessing = 0;
		};
/* End PBXSourcesBuildPhase section */

/* Begin PBXTargetDependency section */
		AC992C7C212DCBBB00948BAC /* PBXTargetDependency */ = {
			isa = PBXTargetDependency;
			target = AC992C62212DCBBA00948BAC /* exchangeRates */;
			targetProxy = AC992C7B212DCBBB00948BAC /* PBXContainerItemProxy */;
		};
/* End PBXTargetDependency section */

/* Begin PBXVariantGroup section */
		AC992C6A212DCBBA00948BAC /* Main.storyboard */ = {
			isa = PBXVariantGroup;
			children = (
				AC992C6B212DCBBA00948BAC /* Base */,
			);
			name = Main.storyboard;
			sourceTree = "<group>";
		};
		AC992C72212DCBBB00948BAC /* LaunchScreen.storyboard */ = {
			isa = PBXVariantGroup;
			children = (
				AC992C73212DCBBB00948BAC /* Base */,
			);
			name = LaunchScreen.storyboard;
			sourceTree = "<group>";
		};
/* End PBXVariantGroup section */

/* Begin XCBuildConfiguration section */
		AC992C81212DCBBB00948BAC /* Debug */ = {
			isa = XCBuildConfiguration;
			buildSettings = {
				ALWAYS_SEARCH_USER_PATHS = NO;
				CLANG_ANALYZER_NONNULL = YES;
				CLANG_ANALYZER_NUMBER_OBJECT_CONVERSION = YES_AGGRESSIVE;
				CLANG_CXX_LANGUAGE_STANDARD = "gnu++14";
				CLANG_CXX_LIBRARY = "libc++";
				CLANG_ENABLE_MODULES = YES;
				CLANG_ENABLE_OBJC_ARC = YES;
				CLANG_ENABLE_OBJC_WEAK = YES;
				CLANG_WARN_BLOCK_CAPTURE_AUTORELEASING = YES;
				CLANG_WARN_BOOL_CONVERSION = YES;
				CLANG_WARN_COMMA = YES;
				CLANG_WARN_CONSTANT_CONVERSION = YES;
				CLANG_WARN_DEPRECATED_OBJC_IMPLEMENTATIONS = YES;
				CLANG_WARN_DIRECT_OBJC_ISA_USAGE = YES_ERROR;
				CLANG_WARN_DOCUMENTATION_COMMENTS = YES;
				CLANG_WARN_EMPTY_BODY = YES;
				CLANG_WARN_ENUM_CONVERSION = YES;
				CLANG_WARN_INFINITE_RECURSION = YES;
				CLANG_WARN_INT_CONVERSION = YES;
				CLANG_WARN_NON_LITERAL_NULL_CONVERSION = YES;
				CLANG_WARN_OBJC_IMPLICIT_RETAIN_SELF = YES;
				CLANG_WARN_OBJC_LITERAL_CONVERSION = YES;
				CLANG_WARN_OBJC_ROOT_CLASS = YES_ERROR;
				CLANG_WARN_RANGE_LOOP_ANALYSIS = YES;
				CLANG_WARN_STRICT_PROTOTYPES = YES;
				CLANG_WARN_SUSPICIOUS_MOVE = YES;
				CLANG_WARN_UNGUARDED_AVAILABILITY = YES_AGGRESSIVE;
				CLANG_WARN_UNREACHABLE_CODE = YES;
				CLANG_WARN__DUPLICATE_METHOD_MATCH = YES;
				CODE_SIGN_IDENTITY = "iPhone Developer";
				COPY_PHASE_STRIP = NO;
				DEBUG_INFORMATION_FORMAT = dwarf;
				ENABLE_STRICT_OBJC_MSGSEND = YES;
				ENABLE_TESTABILITY = YES;
				GCC_C_LANGUAGE_STANDARD = gnu11;
				GCC_DYNAMIC_NO_PIC = NO;
				GCC_NO_COMMON_BLOCKS = YES;
				GCC_OPTIMIZATION_LEVEL = 0;
				GCC_PREPROCESSOR_DEFINITIONS = (
					"DEBUG=1",
					"$(inherited)",
				);
				GCC_WARN_64_TO_32_BIT_CONVERSION = YES;
				GCC_WARN_ABOUT_RETURN_TYPE = YES_ERROR;
				GCC_WARN_UNDECLARED_SELECTOR = YES;
				GCC_WARN_UNINITIALIZED_AUTOS = YES_AGGRESSIVE;
				GCC_WARN_UNUSED_FUNCTION = YES;
				GCC_WARN_UNUSED_VARIABLE = YES;
				IPHONEOS_DEPLOYMENT_TARGET = 11.4;
				MTL_ENABLE_DEBUG_INFO = YES;
				ONLY_ACTIVE_ARCH = YES;
				SDKROOT = iphoneos;
				SWIFT_ACTIVE_COMPILATION_CONDITIONS = DEBUG;
				SWIFT_OPTIMIZATION_LEVEL = "-Onone";
			};
			name = Debug;
		};
		AC992C82212DCBBB00948BAC /* Release */ = {
			isa = XCBuildConfiguration;
			buildSettings = {
				ALWAYS_SEARCH_USER_PATHS = NO;
				CLANG_ANALYZER_NONNULL = YES;
				CLANG_ANALYZER_NUMBER_OBJECT_CONVERSION = YES_AGGRESSIVE;
				CLANG_CXX_LANGUAGE_STANDARD = "gnu++14";
				CLANG_CXX_LIBRARY = "libc++";
				CLANG_ENABLE_MODULES = YES;
				CLANG_ENABLE_OBJC_ARC = YES;
				CLANG_ENABLE_OBJC_WEAK = YES;
				CLANG_WARN_BLOCK_CAPTURE_AUTORELEASING = YES;
				CLANG_WARN_BOOL_CONVERSION = YES;
				CLANG_WARN_COMMA = YES;
				CLANG_WARN_CONSTANT_CONVERSION = YES;
				CLANG_WARN_DEPRECATED_OBJC_IMPLEMENTATIONS = YES;
				CLANG_WARN_DIRECT_OBJC_ISA_USAGE = YES_ERROR;
				CLANG_WARN_DOCUMENTATION_COMMENTS = YES;
				CLANG_WARN_EMPTY_BODY = YES;
				CLANG_WARN_ENUM_CONVERSION = YES;
				CLANG_WARN_INFINITE_RECURSION = YES;
				CLANG_WARN_INT_CONVERSION = YES;
				CLANG_WARN_NON_LITERAL_NULL_CONVERSION = YES;
				CLANG_WARN_OBJC_IMPLICIT_RETAIN_SELF = YES;
				CLANG_WARN_OBJC_LITERAL_CONVERSION = YES;
				CLANG_WARN_OBJC_ROOT_CLASS = YES_ERROR;
				CLANG_WARN_RANGE_LOOP_ANALYSIS = YES;
				CLANG_WARN_STRICT_PROTOTYPES = YES;
				CLANG_WARN_SUSPICIOUS_MOVE = YES;
				CLANG_WARN_UNGUARDED_AVAILABILITY = YES_AGGRESSIVE;
				CLANG_WARN_UNREACHABLE_CODE = YES;
				CLANG_WARN__DUPLICATE_METHOD_MATCH = YES;
				CODE_SIGN_IDENTITY = "iPhone Developer";
				COPY_PHASE_STRIP = NO;
				DEBUG_INFORMATION_FORMAT = "dwarf-with-dsym";
				ENABLE_NS_ASSERTIONS = NO;
				ENABLE_STRICT_OBJC_MSGSEND = YES;
				GCC_C_LANGUAGE_STANDARD = gnu11;
				GCC_NO_COMMON_BLOCKS = YES;
				GCC_WARN_64_TO_32_BIT_CONVERSION = YES;
				GCC_WARN_ABOUT_RETURN_TYPE = YES_ERROR;
				GCC_WARN_UNDECLARED_SELECTOR = YES;
				GCC_WARN_UNINITIALIZED_AUTOS = YES_AGGRESSIVE;
				GCC_WARN_UNUSED_FUNCTION = YES;
				GCC_WARN_UNUSED_VARIABLE = YES;
				IPHONEOS_DEPLOYMENT_TARGET = 11.4;
				MTL_ENABLE_DEBUG_INFO = NO;
				SDKROOT = iphoneos;
				SWIFT_COMPILATION_MODE = wholemodule;
				SWIFT_OPTIMIZATION_LEVEL = "-O";
				VALIDATE_PRODUCT = YES;
			};
			name = Release;
		};
		AC992C84212DCBBB00948BAC /* Debug */ = {
			isa = XCBuildConfiguration;
			buildSettings = {
				ASSETCATALOG_COMPILER_APPICON_NAME = AppIcon;
				CODE_SIGN_STYLE = Automatic;
				DEVELOPMENT_TEAM = 768KTYFHEL;
				INFOPLIST_FILE = exchangeRates/Info.plist;
				LD_RUNPATH_SEARCH_PATHS = (
					"$(inherited)",
					"@executable_path/Frameworks",
				);
				PRODUCT_BUNDLE_IDENTIFIER = com.tselikov.exchangeRates;
				PRODUCT_NAME = "$(TARGET_NAME)";
				SWIFT_VERSION = 4.0;
				TARGETED_DEVICE_FAMILY = "1,2";
			};
			name = Debug;
		};
		AC992C85212DCBBB00948BAC /* Release */ = {
			isa = XCBuildConfiguration;
			buildSettings = {
				ASSETCATALOG_COMPILER_APPICON_NAME = AppIcon;
				CODE_SIGN_STYLE = Automatic;
				DEVELOPMENT_TEAM = 768KTYFHEL;
				INFOPLIST_FILE = exchangeRates/Info.plist;
				LD_RUNPATH_SEARCH_PATHS = (
					"$(inherited)",
					"@executable_path/Frameworks",
				);
				PRODUCT_BUNDLE_IDENTIFIER = com.tselikov.exchangeRates;
				PRODUCT_NAME = "$(TARGET_NAME)";
				SWIFT_VERSION = 4.0;
				TARGETED_DEVICE_FAMILY = "1,2";
			};
			name = Release;
		};
		AC992C87212DCBBB00948BAC /* Debug */ = {
			isa = XCBuildConfiguration;
			buildSettings = {
				ALWAYS_EMBED_SWIFT_STANDARD_LIBRARIES = YES;
				BUNDLE_LOADER = "$(TEST_HOST)";
				CODE_SIGN_STYLE = Automatic;
				DEVELOPMENT_TEAM = 768KTYFHEL;
				INFOPLIST_FILE = exchangeRatesTests/Info.plist;
				LD_RUNPATH_SEARCH_PATHS = (
					"$(inherited)",
					"@executable_path/Frameworks",
					"@loader_path/Frameworks",
				);
				PRODUCT_BUNDLE_IDENTIFIER = com.tselikov.exchangeRatesTests;
				PRODUCT_NAME = "$(TARGET_NAME)";
				SWIFT_VERSION = 4.0;
				TARGETED_DEVICE_FAMILY = "1,2";
				TEST_HOST = "$(BUILT_PRODUCTS_DIR)/exchangeRates.app/exchangeRates";
			};
			name = Debug;
		};
		AC992C88212DCBBB00948BAC /* Release */ = {
			isa = XCBuildConfiguration;
			buildSettings = {
				ALWAYS_EMBED_SWIFT_STANDARD_LIBRARIES = YES;
				BUNDLE_LOADER = "$(TEST_HOST)";
				CODE_SIGN_STYLE = Automatic;
				DEVELOPMENT_TEAM = 768KTYFHEL;
				INFOPLIST_FILE = exchangeRatesTests/Info.plist;
				LD_RUNPATH_SEARCH_PATHS = (
					"$(inherited)",
					"@executable_path/Frameworks",
					"@loader_path/Frameworks",
				);
				PRODUCT_BUNDLE_IDENTIFIER = com.tselikov.exchangeRatesTests;
				PRODUCT_NAME = "$(TARGET_NAME)";
				SWIFT_VERSION = 4.0;
				TARGETED_DEVICE_FAMILY = "1,2";
				TEST_HOST = "$(BUILT_PRODUCTS_DIR)/exchangeRates.app/exchangeRates";
			};
			name = Release;
		};
/* End XCBuildConfiguration section */

/* Begin XCConfigurationList section */
		AC992C5E212DCBBA00948BAC /* Build configuration list for PBXProject "exchangeRates" */ = {
			isa = XCConfigurationList;
			buildConfigurations = (
				AC992C81212DCBBB00948BAC /* Debug */,
				AC992C82212DCBBB00948BAC /* Release */,
			);
			defaultConfigurationIsVisible = 0;
			defaultConfigurationName = Release;
		};
		AC992C83212DCBBB00948BAC /* Build configuration list for PBXNativeTarget "exchangeRates" */ = {
			isa = XCConfigurationList;
			buildConfigurations = (
				AC992C84212DCBBB00948BAC /* Debug */,
				AC992C85212DCBBB00948BAC /* Release */,
			);
			defaultConfigurationIsVisible = 0;
			defaultConfigurationName = Release;
		};
		AC992C86212DCBBB00948BAC /* Build configuration list for PBXNativeTarget "exchangeRatesTests" */ = {
			isa = XCConfigurationList;
			buildConfigurations = (
				AC992C87212DCBBB00948BAC /* Debug */,
				AC992C88212DCBBB00948BAC /* Release */,
			);
			defaultConfigurationIsVisible = 0;
			defaultConfigurationName = Release;
		};
/* End XCConfigurationList section */

/* Begin XCVersionGroup section */
		AC992C6D212DCBBA00948BAC /* exchangeRates.xcdatamodeld */ = {
			isa = XCVersionGroup;
			children = (
				AC992C6E212DCBBA00948BAC /* exchangeRates.xcdatamodel */,
			);
			currentVersion = AC992C6E212DCBBA00948BAC /* exchangeRates.xcdatamodel */;
			path = exchangeRates.xcdatamodeld;
			sourceTree = "<group>";
			versionGroupType = wrapper.xcdatamodel;
		};
/* End XCVersionGroup section */
	};
	rootObject = AC992C5B212DCBBA00948BAC /* Project object */;
}
